Microsoft Visual Studio Solution File, Format Version 8.00
Project("{FAE04EC0-301F-11D3-BF4B-00C04F79EFBC}") = "Common", "Common\Common.csproj", "{4F81B4E9-21BF-4A5B-9A2E-9633FA4CE452}"
	ProjectSection(ProjectDependencies) = postProject
	EndProjectSection
EndProject
Project("{FAE04EC0-301F-11D3-BF4B-00C04F79EFBC}") = "SDO", "SDO\SDO.csproj", "{8139CE3A-6A8F-45DA-8DB5-6BC775074D39}"
	ProjectSection(ProjectDependencies) = postProject
	EndProjectSection
EndProject
Project("{FAE04EC0-301F-11D3-BF4B-00C04F79EFBC}") = "MainFrame", "MainFrame\MainFrame.csproj", "{A21A3FEF-2B1A-4867-90BF-2F95EC958447}"
	ProjectSection(ProjectDependencies) = postProject
	EndProjectSection
EndProject
Project("{FAE04EC0-301F-11D3-BF4B-00C04F79EFBC}") = "Audition", "Audition\Audition.csproj", "{A9A1AF4E-E73D-4DC4-B10B-74791161222C}"
	ProjectSection(ProjectDependencies) = postProject
	EndProjectSection
EndProject
Project("{FAE04EC0-301F-11D3-BF4B-00C04F79EFBC}") = "O2JAM", "O2JAM\O2JAM.csproj", "{7219A0C2-4A56-42DA-B711-8DDD46440999}"
	ProjectSection(ProjectDependencies) = postProject
	EndProjectSection
EndProject
Project("{FAE04EC0-301F-11D3-BF4B-00C04F79EFBC}") = "BAF", "BAF\BAF.csproj", "{AFC88BF1-F3EF-44F8-B2A8-AF889922EC42}"
	ProjectSection(ProjectDependencies) = postProject
	EndProjectSection
EndProject
Project("{FAE04EC0-301F-11D3-BF4B-00C04F79EFBC}") = "Soccer", "Soccer\Soccer.csproj", "{F6E56D96-5D9B-4094-ADF5-F4B5E6723B6D}"
	ProjectSection(ProjectDependencies) = postProject
	EndProjectSection
EndProject
Global
	GlobalSection(SourceCodeControl) = preSolution
		SccNumberOfProjects = 8
		SccProjectName0 = \u0022$/GM管理系统/GMTOOLS\u0020Server\u0020国际版\u0022,\u0020ZUFBAAAA
		SccLocalPath0 = .
		SccProvider0 = MSSCCI:Microsoft\u0020Visual\u0020SourceSafe
		CanCheckoutShared = false
		SolutionUniqueID = {991EB200-91C8-4BC0-B7C8-53E635336471}
		SccProjectUniqueName1 = Common\\Common.csproj
		SccProjectName1 = \u0022$/GM管理系统/GMTOOLS\u0020Server\u0020国际版/COMMON\u0022,\u0020XYFBAAAA
		SccLocalPath1 = Common
		CanCheckoutShared = false
		SccProjectUniqueName2 = SDO\\SDO.csproj
		SccProjectName2 = \u0022$/GM管理系统/GMTOOLS\u0020Server\u0020国际版/SDO\u0022,\u0020WEGBAAAA
		SccLocalPath2 = SDO
		CanCheckoutShared = false
		SccProjectUniqueName3 = MainFrame\\MainFrame.csproj
		SccProjectName3 = \u0022$/GM管理系统/GMTOOLS\u0020Server\u0020国际版/MainFrame\u0022,\u0020VBGBAAAA
		SccLocalPath3 = MainFrame
		CanCheckoutShared = false
		SccProjectUniqueName4 = Audition\\Audition.csproj
		SccProjectName4 = \u0022$/GM管理系统/GMTOOLS\u0020Server\u0020国际版/Audition\u0022,\u0020XWFBAAAA
		SccLocalPath4 = Audition
		CanCheckoutShared = false
		SccProjectUniqueName5 = O2JAM\\O2JAM.csproj
		SccProjectName5 = \u0022$/GM管理系统/GMTOOLS\u0020Server\u0020国际版/O2JAM\u0022,\u0020UDGBAAAA
		SccLocalPath5 = O2JAM
		CanCheckoutShared = false
		SccProjectUniqueName6 = BAF\\BAF.csproj
		SccProjectName6 = \u0022$/GM管理系统/GMTOOLS\u0020Server\u0020国际版/BAF\u0022,\u0020XXFBAAAA
		SccLocalPath6 = BAF
		CanCheckoutShared = false
		SccProjectUniqueName7 = Soccer\\Soccer.csproj
		SccProjectName7 = \u0022$/GM管理系统/GMTOOLS\u0020Server\u0020国际版/SOCCER\u0022,\u0020EJGBAAAA
		SccLocalPath7 = Soccer
		CanCheckoutShared = false
	EndGlobalSection
	GlobalSection(SolutionConfiguration) = preSolution
		Debug = Debug
		Release = Release
	EndGlobalSection
	GlobalSection(ProjectConfiguration) = postSolution
		{4F81B4E9-21BF-4A5B-9A2E-9633FA4CE452}.Debug.ActiveCfg = Debug|.NET
		{4F81B4E9-21BF-4A5B-9A2E-9633FA4CE452}.Debug.Build.0 = Debug|.NET
		{4F81B4E9-21BF-4A5B-9A2E-9633FA4CE452}.Release.ActiveCfg = Release|.NET
		{4F81B4E9-21BF-4A5B-9A2E-9633FA4CE452}.Release.Build.0 = Release|.NET
		{8139CE3A-6A8F-45DA-8DB5-6BC775074D39}.Debug.ActiveCfg = Debug|.NET
		{8139CE3A-6A8F-45DA-8DB5-6BC775074D39}.Debug.Build.0 = Debug|.NET
		{8139CE3A-6A8F-45DA-8DB5-6BC775074D39}.Release.ActiveCfg = Release|.NET
		{8139CE3A-6A8F-45DA-8DB5-6BC775074D39}.Release.Build.0 = Release|.NET
		{A21A3FEF-2B1A-4867-90BF-2F95EC958447}.Debug.ActiveCfg = Debug|.NET
		{A21A3FEF-2B1A-4867-90BF-2F95EC958447}.Debug.Build.0 = Debug|.NET
		{A21A3FEF-2B1A-4867-90BF-2F95EC958447}.Release.ActiveCfg = Release|.NET
		{A21A3FEF-2B1A-4867-90BF-2F95EC958447}.Release.Build.0 = Release|.NET
		{A9A1AF4E-E73D-4DC4-B10B-74791161222C}.Debug.ActiveCfg = Debug|.NET
		{A9A1AF4E-E73D-4DC4-B10B-74791161222C}.Debug.Build.0 = Debug|.NET
		{A9A1AF4E-E73D-4DC4-B10B-74791161222C}.Release.ActiveCfg = Release|.NET
		{A9A1AF4E-E73D-4DC4-B10B-74791161222C}.Release.Build.0 = Release|.NET
		{7219A0C2-4A56-42DA-B711-8DDD46440999}.Debug.ActiveCfg = Debug|.NET
		{7219A0C2-4A56-42DA-B711-8DDD46440999}.Debug.Build.0 = Debug|.NET
		{7219A0C2-4A56-42DA-B711-8DDD46440999}.Release.ActiveCfg = Release|.NET
		{7219A0C2-4A56-42DA-B711-8DDD46440999}.Release.Build.0 = Release|.NET
		{AFC88BF1-F3EF-44F8-B2A8-AF889922EC42}.Debug.ActiveCfg = Debug|.NET
		{AFC88BF1-F3EF-44F8-B2A8-AF889922EC42}.Debug.Build.0 = Debug|.NET
		{AFC88BF1-F3EF-44F8-B2A8-AF889922EC42}.Release.ActiveCfg = Release|.NET
		{AFC88BF1-F3EF-44F8-B2A8-AF889922EC42}.Release.Build.0 = Release|.NET
		{F6E56D96-5D9B-4094-ADF5-F4B5E6723B6D}.Debug.ActiveCfg = Debug|.NET
		{F6E56D96-5D9B-4094-ADF5-F4B5E6723B6D}.Debug.Build.0 = Debug|.NET
		{F6E56D96-5D9B-4094-ADF5-F4B5E6723B6D}.Release.ActiveCfg = Release|.NET
		{F6E56D96-5D9B-4094-ADF5-F4B5E6723B6D}.Release.Build.0 = Release|.NET
	EndGlobalSection
	GlobalSection(ExtensibilityGlobals) = postSolution
	EndGlobalSection
	GlobalSection(ExtensibilityAddIns) = postSolution
	EndGlobalSection
EndGlobal
